
Microsoft Visual Studio Solution File, Format Version 12.00
# Visual Studio Version 16
VisualStudioVersion = 16.0.29411.108
MinimumVisualStudioVersion = 10.0.40219.1
Project("{9A19103F-16F7-4668-BE54-9A1E7A4F7556}") = "Codr", "Codr\Codr.csproj", "{788CDD0C-E9C6-4AC2-8827-5CF11AC64C97}"
EndProject
Project("{9A19103F-16F7-4668-BE54-9A1E7A4F7556}") = "Tests", "Tests\Tests.csproj", "{74275A2D-4147-4B9A-8F30-138C01AE80F3}"
EndProject
Global
	GlobalSection(SolutionConfigurationPlatforms) = preSolution
		Debug|Any CPU = Debug|Any CPU
		Release|Any CPU = Release|Any CPU
	EndGlobalSection
	GlobalSection(ProjectConfigurationPlatforms) = postSolution
		{788CDD0C-E9C6-4AC2-8827-5CF11AC64C97}.Debug|Any CPU.ActiveCfg = Debug|Any CPU
		{788CDD0C-E9C6-4AC2-8827-5CF11AC64C97}.Debug|Any CPU.Build.0 = Debug|Any CPU
		{788CDD0C-E9C6-4AC2-8827-5CF11AC64C97}.Release|Any CPU.ActiveCfg = Release|Any CPU
		{788CDD0C-E9C6-4AC2-8827-5CF11AC64C97}.Release|Any CPU.Build.0 = Release|Any CPU
		{74275A2D-4147-4B9A-8F30-138C01AE80F3}.Debug|Any CPU.ActiveCfg = Debug|Any CPU
		{74275A2D-4147-4B9A-8F30-138C01AE80F3}.Debug|Any CPU.Build.0 = Debug|Any CPU
		{74275A2D-4147-4B9A-8F30-138C01AE80F3}.Release|Any CPU.ActiveCfg = Release|Any CPU
		{74275A2D-4147-4B9A-8F30-138C01AE80F3}.Release|Any CPU.Build.0 = Release|Any CPU
	EndGlobalSection
	GlobalSection(SolutionProperties) = preSolution
		HideSolutionNode = FALSE
	EndGlobalSection
	GlobalSection(ExtensibilityGlobals) = postSolution
		SolutionGuid = {D2FF9CEB-0D96-4A1C-BA0A-300B6CB641E1}
	EndGlobalSection
EndGlobal
